// !$*UTF8*$!
{
	archiveVersion = 1;
	classes = {
	};
	objectVersion = 55;
	objects = {

/* Begin PBXBuildFile section */
		5070016A27D8269F008ACB9C /* RoboticArtApp.swift in Sources */ = {isa = PBXBuildFile; fileRef = 5070016927D8269F008ACB9C /* RoboticArtApp.swift */; };
		5070016C27D8269F008ACB9C /* PianoView.swift in Sources */ = {isa = PBXBuildFile; fileRef = 5070016B27D8269F008ACB9C /* PianoView.swift */; };
		5070016E27D826A0008ACB9C /* Assets.xcassets in Resources */ = {isa = PBXBuildFile; fileRef = 5070016D27D826A0008ACB9C /* Assets.xcassets */; };
		5070017127D826A0008ACB9C /* Preview Assets.xcassets in Resources */ = {isa = PBXBuildFile; fileRef = 5070017027D826A0008ACB9C /* Preview Assets.xcassets */; };
		5070017A27D829C2008ACB9C /* ORSSerial in Frameworks */ = {isa = PBXBuildFile; productRef = 5070017927D829C2008ACB9C /* ORSSerial */; };
		50C3615327DCE99300E42B29 /* SerialPortViewModel.swift in Sources */ = {isa = PBXBuildFile; fileRef = 50C3615227DCE99300E42B29 /* SerialPortViewModel.swift */; };
		50C3615627DCF5A500E42B29 /* RootView.swift in Sources */ = {isa = PBXBuildFile; fileRef = 50C3615527DCF5A500E42B29 /* RootView.swift */; };
		50C3615927DCFDC400E42B29 /* CirclePulseButton.swift in Sources */ = {isa = PBXBuildFile; fileRef = 50C3615827DCFDC400E42B29 /* CirclePulseButton.swift */; };
		50C3615B27DD17A800E42B29 /* SplashScreenView.swift in Sources */ = {isa = PBXBuildFile; fileRef = 50C3615A27DD17A800E42B29 /* SplashScreenView.swift */; };
		50C3615E27DD17C600E42B29 /* CurrentView.swift in Sources */ = {isa = PBXBuildFile; fileRef = 50C3615D27DD17C600E42B29 /* CurrentView.swift */; };
		50C3616127DD196700E42B29 /* InformationView.swift in Sources */ = {isa = PBXBuildFile; fileRef = 50C3616027DD196700E42B29 /* InformationView.swift */; };
		50C3616327DD199A00E42B29 /* ChooseModeView.swift in Sources */ = {isa = PBXBuildFile; fileRef = 50C3616227DD199A00E42B29 /* ChooseModeView.swift */; };
		50C3616527DD19B900E42B29 /* MachineVisionModeView.swift in Sources */ = {isa = PBXBuildFile; fileRef = 50C3616427DD19B900E42B29 /* MachineVisionModeView.swift */; };
		50C3616727DD1A4A00E42B29 /* MIDIModeView.swift in Sources */ = {isa = PBXBuildFile; fileRef = 50C3616627DD1A4A00E42B29 /* MIDIModeView.swift */; };
		50C3616927DD1D9E00E42B29 /* ModeView.swift in Sources */ = {isa = PBXBuildFile; fileRef = 50C3616827DD1D9E00E42B29 /* ModeView.swift */; };
		50C3616B27DD277A00E42B29 /* WhitePianoKeyView.swift in Sources */ = {isa = PBXBuildFile; fileRef = 50C3616A27DD277A00E42B29 /* WhitePianoKeyView.swift */; };
		50C3616E27DD295400E42B29 /* View.swift in Sources */ = {isa = PBXBuildFile; fileRef = 50C3616D27DD295400E42B29 /* View.swift */; };
		50C3617027DD2BB800E42B29 /* NoteType.swift in Sources */ = {isa = PBXBuildFile; fileRef = 50C3616F27DD2BB800E42B29 /* NoteType.swift */; };
		50C3617227DD2ED300E42B29 /* PianoOctaveView.swift in Sources */ = {isa = PBXBuildFile; fileRef = 50C3617127DD2ED300E42B29 /* PianoOctaveView.swift */; };
		50C3617427DD401B00E42B29 /* BlackPianoKeyView.swift in Sources */ = {isa = PBXBuildFile; fileRef = 50C3617327DD401B00E42B29 /* BlackPianoKeyView.swift */; };
		50C3617827DE9F1500E42B29 /* CameraFeedView.swift in Sources */ = {isa = PBXBuildFile; fileRef = 50C3617727DE9F1500E42B29 /* CameraFeedView.swift */; };
		50C3617B27DE9FA200E42B29 /* CameraManager.swift in Sources */ = {isa = PBXBuildFile; fileRef = 50C3617A27DE9FA200E42B29 /* CameraManager.swift */; };
		50C3617D27DEA11500E42B29 /* CameraError.swift in Sources */ = {isa = PBXBuildFile; fileRef = 50C3617C27DEA11500E42B29 /* CameraError.swift */; };
		50C3617F27DEA2C500E42B29 /* FrameManager.swift in Sources */ = {isa = PBXBuildFile; fileRef = 50C3617E27DEA2C500E42B29 /* FrameManager.swift */; };
		50C3618127DEA34500E42B29 /* MachineVisionViewModel.swift in Sources */ = {isa = PBXBuildFile; fileRef = 50C3618027DEA34500E42B29 /* MachineVisionViewModel.swift */; };
		50C3618327DEA3A800E42B29 /* CGImage.swift in Sources */ = {isa = PBXBuildFile; fileRef = 50C3618227DEA3A800E42B29 /* CGImage.swift */; };
		50F26B5E27E9752300453FF7 /* Task.swift in Sources */ = {isa = PBXBuildFile; fileRef = 50F26B5D27E9752300453FF7 /* Task.swift */; };
		50F7232227EA9EED008EF973 /* MIDISongCell.swift in Sources */ = {isa = PBXBuildFile; fileRef = 50F7232127EA9EED008EF973 /* MIDISongCell.swift */; };
		50F7232427EA9F01008EF973 /* Song.swift in Sources */ = {isa = PBXBuildFile; fileRef = 50F7232327EA9F01008EF973 /* Song.swift */; };
		50F7232627EAA8C6008EF973 /* String.swift in Sources */ = {isa = PBXBuildFile; fileRef = 50F7232527EAA8C6008EF973 /* String.swift */; };
/* End PBXBuildFile section */

/* Begin PBXFileReference section */
		5070016627D8269F008ACB9C /* RoboticArt.app */ = {isa = PBXFileReference; explicitFileType = wrapper.application; includeInIndex = 0; path = RoboticArt.app; sourceTree = BUILT_PRODUCTS_DIR; };
		5070016927D8269F008ACB9C /* RoboticArtApp.swift */ = {isa = PBXFileReference; lastKnownFileType = sourcecode.swift; path = RoboticArtApp.swift; sourceTree = "<group>"; };
		5070016B27D8269F008ACB9C /* PianoView.swift */ = {isa = PBXFileReference; lastKnownFileType = sourcecode.swift; path = PianoView.swift; sourceTree = "<group>"; };
		5070016D27D826A0008ACB9C /* Assets.xcassets */ = {isa = PBXFileReference; lastKnownFileType = folder.assetcatalog; path = Assets.xcassets; sourceTree = "<group>"; };
		5070017027D826A0008ACB9C /* Preview Assets.xcassets */ = {isa = PBXFileReference; lastKnownFileType = folder.assetcatalog; path = "Preview Assets.xcassets"; sourceTree = "<group>"; };
		5070017227D826A0008ACB9C /* RoboticArt.entitlements */ = {isa = PBXFileReference; lastKnownFileType = text.plist.entitlements; path = RoboticArt.entitlements; sourceTree = "<group>"; };
		50C3615227DCE99300E42B29 /* SerialPortViewModel.swift */ = {isa = PBXFileReference; lastKnownFileType = sourcecode.swift; path = SerialPortViewModel.swift; sourceTree = "<group>"; };
		50C3615527DCF5A500E42B29 /* RootView.swift */ = {isa = PBXFileReference; lastKnownFileType = sourcecode.swift; path = RootView.swift; sourceTree = "<group>"; };
		50C3615827DCFDC400E42B29 /* CirclePulseButton.swift */ = {isa = PBXFileReference; lastKnownFileType = sourcecode.swift; path = CirclePulseButton.swift; sourceTree = "<group>"; };
		50C3615A27DD17A800E42B29 /* SplashScreenView.swift */ = {isa = PBXFileReference; lastKnownFileType = sourcecode.swift; path = SplashScreenView.swift; sourceTree = "<group>"; };
		50C3615D27DD17C600E42B29 /* CurrentView.swift */ = {isa = PBXFileReference; lastKnownFileType = sourcecode.swift; path = CurrentView.swift; sourceTree = "<group>"; };
		50C3616027DD196700E42B29 /* InformationView.swift */ = {isa = PBXFileReference; lastKnownFileType = sourcecode.swift; path = InformationView.swift; sourceTree = "<group>"; };
		50C3616227DD199A00E42B29 /* ChooseModeView.swift */ = {isa = PBXFileReference; lastKnownFileType = sourcecode.swift; path = ChooseModeView.swift; sourceTree = "<group>"; };
		50C3616427DD19B900E42B29 /* MachineVisionModeView.swift */ = {isa = PBXFileReference; lastKnownFileType = sourcecode.swift; path = MachineVisionModeView.swift; sourceTree = "<group>"; };
		50C3616627DD1A4A00E42B29 /* MIDIModeView.swift */ = {isa = PBXFileReference; lastKnownFileType = sourcecode.swift; path = MIDIModeView.swift; sourceTree = "<group>"; };
		50C3616827DD1D9E00E42B29 /* ModeView.swift */ = {isa = PBXFileReference; lastKnownFileType = sourcecode.swift; path = ModeView.swift; sourceTree = "<group>"; };
		50C3616A27DD277A00E42B29 /* WhitePianoKeyView.swift */ = {isa = PBXFileReference; lastKnownFileType = sourcecode.swift; path = WhitePianoKeyView.swift; sourceTree = "<group>"; };
		50C3616D27DD295400E42B29 /* View.swift */ = {isa = PBXFileReference; lastKnownFileType = sourcecode.swift; path = View.swift; sourceTree = "<group>"; };
		50C3616F27DD2BB800E42B29 /* NoteType.swift */ = {isa = PBXFileReference; lastKnownFileType = sourcecode.swift; path = NoteType.swift; sourceTree = "<group>"; };
		50C3617127DD2ED300E42B29 /* PianoOctaveView.swift */ = {isa = PBXFileReference; lastKnownFileType = sourcecode.swift; path = PianoOctaveView.swift; sourceTree = "<group>"; };
		50C3617327DD401B00E42B29 /* BlackPianoKeyView.swift */ = {isa = PBXFileReference; lastKnownFileType = sourcecode.swift; path = BlackPianoKeyView.swift; sourceTree = "<group>"; };
		50C3617727DE9F1500E42B29 /* CameraFeedView.swift */ = {isa = PBXFileReference; lastKnownFileType = sourcecode.swift; path = CameraFeedView.swift; sourceTree = "<group>"; };
		50C3617A27DE9FA200E42B29 /* CameraManager.swift */ = {isa = PBXFileReference; lastKnownFileType = sourcecode.swift; path = CameraManager.swift; sourceTree = "<group>"; };
		50C3617C27DEA11500E42B29 /* CameraError.swift */ = {isa = PBXFileReference; lastKnownFileType = sourcecode.swift; path = CameraError.swift; sourceTree = "<group>"; };
		50C3617E27DEA2C500E42B29 /* FrameManager.swift */ = {isa = PBXFileReference; lastKnownFileType = sourcecode.swift; path = FrameManager.swift; sourceTree = "<group>"; };
		50C3618027DEA34500E42B29 /* MachineVisionViewModel.swift */ = {isa = PBXFileReference; lastKnownFileType = sourcecode.swift; path = MachineVisionViewModel.swift; sourceTree = "<group>"; };
		50C3618227DEA3A800E42B29 /* CGImage.swift */ = {isa = PBXFileReference; lastKnownFileType = sourcecode.swift; path = CGImage.swift; sourceTree = "<group>"; };
		50F26B5D27E9752300453FF7 /* Task.swift */ = {isa = PBXFileReference; lastKnownFileType = sourcecode.swift; path = Task.swift; sourceTree = "<group>"; };
		50F7232127EA9EED008EF973 /* MIDISongCell.swift */ = {isa = PBXFileReference; lastKnownFileType = sourcecode.swift; path = MIDISongCell.swift; sourceTree = "<group>"; };
		50F7232327EA9F01008EF973 /* Song.swift */ = {isa = PBXFileReference; lastKnownFileType = sourcecode.swift; path = Song.swift; sourceTree = "<group>"; };
		50F7232527EAA8C6008EF973 /* String.swift */ = {isa = PBXFileReference; lastKnownFileType = sourcecode.swift; path = String.swift; sourceTree = "<group>"; };
/* End PBXFileReference section */

/* Begin PBXFrameworksBuildPhase section */
		5070016327D8269F008ACB9C /* Frameworks */ = {
			isa = PBXFrameworksBuildPhase;
			buildActionMask = 2147483647;
			files = (
				5070017A27D829C2008ACB9C /* ORSSerial in Frameworks */,
			);
			runOnlyForDeploymentPostprocessing = 0;
		};
/* End PBXFrameworksBuildPhase section */

/* Begin PBXGroup section */
		5070015D27D8269F008ACB9C = {
			isa = PBXGroup;
			children = (
				5070016827D8269F008ACB9C /* RoboticArt */,
				5070016727D8269F008ACB9C /* Products */,
			);
			sourceTree = "<group>";
		};
		5070016727D8269F008ACB9C /* Products */ = {
			isa = PBXGroup;
			children = (
				5070016627D8269F008ACB9C /* RoboticArt.app */,
			);
			name = Products;
			sourceTree = "<group>";
		};
		5070016827D8269F008ACB9C /* RoboticArt */ = {
			isa = PBXGroup;
			children = (
				5070016927D8269F008ACB9C /* RoboticArtApp.swift */,
				50C3617927DE9F8E00E42B29 /* Manager */,
				50C3616C27DD294600E42B29 /* Extensions */,
				50C3615C27DD17BB00E42B29 /* Models */,
				50C3615727DCFDB300E42B29 /* Helper Views */,
				50C3615427DCE99A00E42B29 /* ViewModel */,
				50C3615F27DD190900E42B29 /* View */,
				5070016D27D826A0008ACB9C /* Assets.xcassets */,
				5070017227D826A0008ACB9C /* RoboticArt.entitlements */,
				5070016F27D826A0008ACB9C /* Preview Content */,
			);
			path = RoboticArt;
			sourceTree = "<group>";
		};
		5070016F27D826A0008ACB9C /* Preview Content */ = {
			isa = PBXGroup;
			children = (
				5070017027D826A0008ACB9C /* Preview Assets.xcassets */,
			);
			path = "Preview Content";
			sourceTree = "<group>";
		};
		50C3615427DCE99A00E42B29 /* ViewModel */ = {
			isa = PBXGroup;
			children = (
				50C3615227DCE99300E42B29 /* SerialPortViewModel.swift */,
				50C3618027DEA34500E42B29 /* MachineVisionViewModel.swift */,
			);
			path = ViewModel;
			sourceTree = "<group>";
		};
		50C3615727DCFDB300E42B29 /* Helper Views */ = {
			isa = PBXGroup;
			children = (
				50C3615827DCFDC400E42B29 /* CirclePulseButton.swift */,
				50C3616827DD1D9E00E42B29 /* ModeView.swift */,
				5070016B27D8269F008ACB9C /* PianoView.swift */,
				50C3617127DD2ED300E42B29 /* PianoOctaveView.swift */,
				50C3616A27DD277A00E42B29 /* WhitePianoKeyView.swift */,
				50C3617327DD401B00E42B29 /* BlackPianoKeyView.swift */,
				50C3617727DE9F1500E42B29 /* CameraFeedView.swift */,
				50F7232127EA9EED008EF973 /* MIDISongCell.swift */,
			);
			path = "Helper Views";
			sourceTree = "<group>";
		};
		50C3615C27DD17BB00E42B29 /* Models */ = {
			isa = PBXGroup;
			children = (
				50C3615D27DD17C600E42B29 /* CurrentView.swift */,
				50C3616F27DD2BB800E42B29 /* NoteType.swift */,
				50C3617C27DEA11500E42B29 /* CameraError.swift */,
				50F7232327EA9F01008EF973 /* Song.swift */,
			);
			path = Models;
			sourceTree = "<group>";
		};
		50C3615F27DD190900E42B29 /* View */ = {
			isa = PBXGroup;
			children = (
				50C3615527DCF5A500E42B29 /* RootView.swift */,
				50C3615A27DD17A800E42B29 /* SplashScreenView.swift */,
				50C3616027DD196700E42B29 /* InformationView.swift */,
				50C3616227DD199A00E42B29 /* ChooseModeView.swift */,
				50C3616427DD19B900E42B29 /* MachineVisionModeView.swift */,
				50C3616627DD1A4A00E42B29 /* MIDIModeView.swift */,
			);
			path = View;
			sourceTree = "<group>";
		};
		50C3616C27DD294600E42B29 /* Extensions */ = {
			isa = PBXGroup;
			children = (
				50C3616D27DD295400E42B29 /* View.swift */,
				50C3618227DEA3A800E42B29 /* CGImage.swift */,
				50F26B5D27E9752300453FF7 /* Task.swift */,
				50F7232527EAA8C6008EF973 /* String.swift */,
			);
			path = Extensions;
			sourceTree = "<group>";
		};
		50C3617927DE9F8E00E42B29 /* Manager */ = {
			isa = PBXGroup;
			children = (
				50C3617A27DE9FA200E42B29 /* CameraManager.swift */,
				50C3617E27DEA2C500E42B29 /* FrameManager.swift */,
			);
			path = Manager;
			sourceTree = "<group>";
		};
/* End PBXGroup section */

/* Begin PBXNativeTarget section */
		5070016527D8269F008ACB9C /* RoboticArt */ = {
			isa = PBXNativeTarget;
			buildConfigurationList = 5070017527D826A0008ACB9C /* Build configuration list for PBXNativeTarget "RoboticArt" */;
			buildPhases = (
				5070016227D8269F008ACB9C /* Sources */,
				5070016327D8269F008ACB9C /* Frameworks */,
				5070016427D8269F008ACB9C /* Resources */,
			);
			buildRules = (
			);
			dependencies = (
			);
			name = RoboticArt;
			packageProductDependencies = (
				5070017927D829C2008ACB9C /* ORSSerial */,
			);
			productName = RoboticArt;
			productReference = 5070016627D8269F008ACB9C /* RoboticArt.app */;
			productType = "com.apple.product-type.application";
		};
/* End PBXNativeTarget section */

/* Begin PBXProject section */
		5070015E27D8269F008ACB9C /* Project object */ = {
			isa = PBXProject;
			attributes = {
				BuildIndependentTargetsInParallel = 1;
				LastSwiftUpdateCheck = 1320;
				LastUpgradeCheck = 1320;
				TargetAttributes = {
					5070016527D8269F008ACB9C = {
						CreatedOnToolsVersion = 13.2.1;
					};
				};
			};
			buildConfigurationList = 5070016127D8269F008ACB9C /* Build configuration list for PBXProject "RoboticArt" */;
			compatibilityVersion = "Xcode 13.0";
			developmentRegion = en;
			hasScannedForEncodings = 0;
			knownRegions = (
				en,
				Base,
			);
			mainGroup = 5070015D27D8269F008ACB9C;
			packageReferences = (
				5070017827D829C2008ACB9C /* XCRemoteSwiftPackageReference "ORSSerialPort" */,
			);
			productRefGroup = 5070016727D8269F008ACB9C /* Products */;
			projectDirPath = "";
			projectRoot = "";
			targets = (
				5070016527D8269F008ACB9C /* RoboticArt */,
			);
		};
/* End PBXProject section */

/* Begin PBXResourcesBuildPhase section */
		5070016427D8269F008ACB9C /* Resources */ = {
			isa = PBXResourcesBuildPhase;
			buildActionMask = 2147483647;
			files = (
				5070017127D826A0008ACB9C /* Preview Assets.xcassets in Resources */,
				5070016E27D826A0008ACB9C /* Assets.xcassets in Resources */,
			);
			runOnlyForDeploymentPostprocessing = 0;
		};
/* End PBXResourcesBuildPhase section */

/* Begin PBXSourcesBuildPhase section */
		5070016227D8269F008ACB9C /* Sources */ = {
			isa = PBXSourcesBuildPhase;
			buildActionMask = 2147483647;
			files = (
				50C3617027DD2BB800E42B29 /* NoteType.swift in Sources */,
				50C3615B27DD17A800E42B29 /* SplashScreenView.swift in Sources */,
				50C3616127DD196700E42B29 /* InformationView.swift in Sources */,
				50F7232627EAA8C6008EF973 /* String.swift in Sources */,
				50C3615927DCFDC400E42B29 /* CirclePulseButton.swift in Sources */,
				50C3617227DD2ED300E42B29 /* PianoOctaveView.swift in Sources */,
				50C3616727DD1A4A00E42B29 /* MIDIModeView.swift in Sources */,
				50C3618127DEA34500E42B29 /* MachineVisionViewModel.swift in Sources */,
				50C3617427DD401B00E42B29 /* BlackPianoKeyView.swift in Sources */,
				50C3616527DD19B900E42B29 /* MachineVisionModeView.swift in Sources */,
				50C3617B27DE9FA200E42B29 /* CameraManager.swift in Sources */,
				50C3616927DD1D9E00E42B29 /* ModeView.swift in Sources */,
				5070016C27D8269F008ACB9C /* PianoView.swift in Sources */,
				50C3617D27DEA11500E42B29 /* CameraError.swift in Sources */,
				50C3615627DCF5A500E42B29 /* RootView.swift in Sources */,
				50C3615327DCE99300E42B29 /* SerialPortViewModel.swift in Sources */,
				5070016A27D8269F008ACB9C /* RoboticArtApp.swift in Sources */,
				50F26B5E27E9752300453FF7 /* Task.swift in Sources */,
				50C3617827DE9F1500E42B29 /* CameraFeedView.swift in Sources */,
				50C3615E27DD17C600E42B29 /* CurrentView.swift in Sources */,
				50F7232227EA9EED008EF973 /* MIDISongCell.swift in Sources */,
				50C3618327DEA3A800E42B29 /* CGImage.swift in Sources */,
				50C3616B27DD277A00E42B29 /* WhitePianoKeyView.swift in Sources */,
				50C3616E27DD295400E42B29 /* View.swift in Sources */,
				50C3617F27DEA2C500E42B29 /* FrameManager.swift in Sources */,
				50F7232427EA9F01008EF973 /* Song.swift in Sources */,
				50C3616327DD199A00E42B29 /* ChooseModeView.swift in Sources */,
			);
			runOnlyForDeploymentPostprocessing = 0;
		};
/* End PBXSourcesBuildPhase section */

/* Begin XCBuildConfiguration section */
		5070017327D826A0008ACB9C /* Debug */ = {
			isa = XCBuildConfiguration;
			buildSettings = {
				ALWAYS_SEARCH_USER_PATHS = NO;
				CLANG_ANALYZER_NONNULL = YES;
				CLANG_ANALYZER_NUMBER_OBJECT_CONVERSION = YES_AGGRESSIVE;
				CLANG_CXX_LANGUAGE_STANDARD = "gnu++17";
				CLANG_CXX_LIBRARY = "libc++";
				CLANG_ENABLE_MODULES = YES;
				CLANG_ENABLE_OBJC_ARC = YES;
				CLANG_ENABLE_OBJC_WEAK = YES;
				CLANG_WARN_BLOCK_CAPTURE_AUTORELEASING = YES;
				CLANG_WARN_BOOL_CONVERSION = YES;
				CLANG_WARN_COMMA = YES;
				CLANG_WARN_CONSTANT_CONVERSION = YES;
				CLANG_WARN_DEPRECATED_OBJC_IMPLEMENTATIONS = YES;
				CLANG_WARN_DIRECT_OBJC_ISA_USAGE = YES_ERROR;
				CLANG_WARN_DOCUMENTATION_COMMENTS = YES;
				CLANG_WARN_EMPTY_BODY = YES;
				CLANG_WARN_ENUM_CONVERSION = YES;
				CLANG_WARN_INFINITE_RECURSION = YES;
				CLANG_WARN_INT_CONVERSION = YES;
				CLANG_WARN_NON_LITERAL_NULL_CONVERSION = YES;
				CLANG_WARN_OBJC_IMPLICIT_RETAIN_SELF = YES;
				CLANG_WARN_OBJC_LITERAL_CONVERSION = YES;
				CLANG_WARN_OBJC_ROOT_CLASS = YES_ERROR;
				CLANG_WARN_QUOTED_INCLUDE_IN_FRAMEWORK_HEADER = YES;
				CLANG_WARN_RANGE_LOOP_ANALYSIS = YES;
				CLANG_WARN_STRICT_PROTOTYPES = YES;
				CLANG_WARN_SUSPICIOUS_MOVE = YES;
				CLANG_WARN_UNGUARDED_AVAILABILITY = YES_AGGRESSIVE;
				CLANG_WARN_UNREACHABLE_CODE = YES;
				CLANG_WARN__DUPLICATE_METHOD_MATCH = YES;
				COPY_PHASE_STRIP = NO;
				DEBUG_INFORMATION_FORMAT = dwarf;
				ENABLE_STRICT_OBJC_MSGSEND = YES;
				ENABLE_TESTABILITY = YES;
				GCC_C_LANGUAGE_STANDARD = gnu11;
				GCC_DYNAMIC_NO_PIC = NO;
				GCC_NO_COMMON_BLOCKS = YES;
				GCC_OPTIMIZATION_LEVEL = 0;
				GCC_PREPROCESSOR_DEFINITIONS = (
					"DEBUG=1",
					"$(inherited)",
				);
				GCC_WARN_64_TO_32_BIT_CONVERSION = YES;
				GCC_WARN_ABOUT_RETURN_TYPE = YES_ERROR;
				GCC_WARN_UNDECLARED_SELECTOR = YES;
				GCC_WARN_UNINITIALIZED_AUTOS = YES_AGGRESSIVE;
				GCC_WARN_UNUSED_FUNCTION = YES;
				GCC_WARN_UNUSED_VARIABLE = YES;
				MACOSX_DEPLOYMENT_TARGET = 12.1;
				MTL_ENABLE_DEBUG_INFO = INCLUDE_SOURCE;
				MTL_FAST_MATH = YES;
				ONLY_ACTIVE_ARCH = YES;
				SDKROOT = macosx;
				SWIFT_ACTIVE_COMPILATION_CONDITIONS = DEBUG;
				SWIFT_OPTIMIZATION_LEVEL = "-Onone";
			};
			name = Debug;
		};
		5070017427D826A0008ACB9C /* Release */ = {
			isa = XCBuildConfiguration;
			buildSettings = {
				ALWAYS_SEARCH_USER_PATHS = NO;
				CLANG_ANALYZER_NONNULL = YES;
				CLANG_ANALYZER_NUMBER_OBJECT_CONVERSION = YES_AGGRESSIVE;
				CLANG_CXX_LANGUAGE_STANDARD = "gnu++17";
				CLANG_CXX_LIBRARY = "libc++";
				CLANG_ENABLE_MODULES = YES;
				CLANG_ENABLE_OBJC_ARC = YES;
				CLANG_ENABLE_OBJC_WEAK = YES;
				CLANG_WARN_BLOCK_CAPTURE_AUTORELEASING = YES;
				CLANG_WARN_BOOL_CONVERSION = YES;
				CLANG_WARN_COMMA = YES;
				CLANG_WARN_CONSTANT_CONVERSION = YES;
				CLANG_WARN_DEPRECATED_OBJC_IMPLEMENTATIONS = YES;
				CLANG_WARN_DIRECT_OBJC_ISA_USAGE = YES_ERROR;
				CLANG_WARN_DOCUMENTATION_COMMENTS = YES;
				CLANG_WARN_EMPTY_BODY = YES;
				CLANG_WARN_ENUM_CONVERSION = YES;
				CLANG_WARN_INFINITE_RECURSION = YES;
				CLANG_WARN_INT_CONVERSION = YES;
				CLANG_WARN_NON_LITERAL_NULL_CONVERSION = YES;
				CLANG_WARN_OBJC_IMPLICIT_RETAIN_SELF = YES;
				CLANG_WARN_OBJC_LITERAL_CONVERSION = YES;
				CLANG_WARN_OBJC_ROOT_CLASS = YES_ERROR;
				CLANG_WARN_QUOTED_INCLUDE_IN_FRAMEWORK_HEADER = YES;
				CLANG_WARN_RANGE_LOOP_ANALYSIS = YES;
				CLANG_WARN_STRICT_PROTOTYPES = YES;
				CLANG_WARN_SUSPICIOUS_MOVE = YES;
				CLANG_WARN_UNGUARDED_AVAILABILITY = YES_AGGRESSIVE;
				CLANG_WARN_UNREACHABLE_CODE = YES;
				CLANG_WARN__DUPLICATE_METHOD_MATCH = YES;
				COPY_PHASE_STRIP = NO;
				DEBUG_INFORMATION_FORMAT = "dwarf-with-dsym";
				ENABLE_NS_ASSERTIONS = NO;
				ENABLE_STRICT_OBJC_MSGSEND = YES;
				GCC_C_LANGUAGE_STANDARD = gnu11;
				GCC_NO_COMMON_BLOCKS = YES;
				GCC_WARN_64_TO_32_BIT_CONVERSION = YES;
				GCC_WARN_ABOUT_RETURN_TYPE = YES_ERROR;
				GCC_WARN_UNDECLARED_SELECTOR = YES;
				GCC_WARN_UNINITIALIZED_AUTOS = YES_AGGRESSIVE;
				GCC_WARN_UNUSED_FUNCTION = YES;
				GCC_WARN_UNUSED_VARIABLE = YES;
				MACOSX_DEPLOYMENT_TARGET = 12.1;
				MTL_ENABLE_DEBUG_INFO = NO;
				MTL_FAST_MATH = YES;
				SDKROOT = macosx;
				SWIFT_COMPILATION_MODE = wholemodule;
				SWIFT_OPTIMIZATION_LEVEL = "-O";
			};
			name = Release;
		};
		5070017627D826A0008ACB9C /* Debug */ = {
			isa = XCBuildConfiguration;
			buildSettings = {
				ASSETCATALOG_COMPILER_APPICON_NAME = AppIcon;
				ASSETCATALOG_COMPILER_GLOBAL_ACCENT_COLOR_NAME = AccentColor;
				CODE_SIGN_ENTITLEMENTS = RoboticArt/RoboticArt.entitlements;
				CODE_SIGN_STYLE = Automatic;
				COMBINE_HIDPI_IMAGES = YES;
				CURRENT_PROJECT_VERSION = 1;
				DEVELOPMENT_ASSET_PATHS = "\"RoboticArt/Preview Content\"";
				DEVELOPMENT_TEAM = 8Q8ZUVJXW9;
				ENABLE_HARDENED_RUNTIME = YES;
				ENABLE_PREVIEWS = YES;
				GENERATE_INFOPLIST_FILE = YES;
				INFOPLIST_KEY_NSCameraUsageDescription = "$(PRODUCT_NAME) camera use";
				INFOPLIST_KEY_NSHumanReadableCopyright = "";
				LD_RUNPATH_SEARCH_PATHS = (
					"$(inherited)",
					"@executable_path/../Frameworks",
				);
				MARKETING_VERSION = 1.0;
				PRODUCT_BUNDLE_IDENTIFIER = com.blahblah.RoboticArt;
				PRODUCT_NAME = "$(TARGET_NAME)";
				SWIFT_EMIT_LOC_STRINGS = YES;
				SWIFT_VERSION = 5.0;
			};
			name = Debug;
		};
		5070017727D826A0008ACB9C /* Release */ = {
			isa = XCBuildConfiguration;
			buildSettings = {
				ASSETCATALOG_COMPILER_APPICON_NAME = AppIcon;
				ASSETCATALOG_COMPILER_GLOBAL_ACCENT_COLOR_NAME = AccentColor;
				CODE_SIGN_ENTITLEMENTS = RoboticArt/RoboticArt.entitlements;
				CODE_SIGN_STYLE = Automatic;
				COMBINE_HIDPI_IMAGES = YES;
				CURRENT_PROJECT_VERSION = 1;
				DEVELOPMENT_ASSET_PATHS = "\"RoboticArt/Preview Content\"";
				DEVELOPMENT_TEAM = 8Q8ZUVJXW9;
				ENABLE_HARDENED_RUNTIME = YES;
				ENABLE_PREVIEWS = YES;
				GENERATE_INFOPLIST_FILE = YES;
				INFOPLIST_KEY_NSCameraUsageDescription = "$(PRODUCT_NAME) camera use";
				INFOPLIST_KEY_NSHumanReadableCopyright = "";
				LD_RUNPATH_SEARCH_PATHS = (
					"$(inherited)",
					"@executable_path/../Frameworks",
				);
				MARKETING_VERSION = 1.0;
				PRODUCT_BUNDLE_IDENTIFIER = com.blahblah.RoboticArt;
				PRODUCT_NAME = "$(TARGET_NAME)";
				SWIFT_EMIT_LOC_STRINGS = YES;
				SWIFT_VERSION = 5.0;
			};
			name = Release;
		};
/* End XCBuildConfiguration section */

/* Begin XCConfigurationList section */
		5070016127D8269F008ACB9C /* Build configuration list for PBXProject "RoboticArt" */ = {
			isa = XCConfigurationList;
			buildConfigurations = (
				5070017327D826A0008ACB9C /* Debug */,
				5070017427D826A0008ACB9C /* Release */,
			);
			defaultConfigurationIsVisible = 0;
			defaultConfigurationName = Release;
		};
		5070017527D826A0008ACB9C /* Build configuration list for PBXNativeTarget "RoboticArt" */ = {
			isa = XCConfigurationList;
			buildConfigurations = (
				5070017627D826A0008ACB9C /* Debug */,
				5070017727D826A0008ACB9C /* Release */,
			);
			defaultConfigurationIsVisible = 0;
			defaultConfigurationName = Release;
		};
/* End XCConfigurationList section */

/* Begin XCRemoteSwiftPackageReference section */
		5070017827D829C2008ACB9C /* XCRemoteSwiftPackageReference "ORSSerialPort" */ = {
			isa = XCRemoteSwiftPackageReference;
			repositoryURL = "https://github.com/armadsen/ORSSerialPort";
			requirement = {
				kind = upToNextMajorVersion;
				minimumVersion = 2.0.0;
			};
		};
/* End XCRemoteSwiftPackageReference section */

/* Begin XCSwiftPackageProductDependency section */
		5070017927D829C2008ACB9C /* ORSSerial */ = {
			isa = XCSwiftPackageProductDependency;
			package = 5070017827D829C2008ACB9C /* XCRemoteSwiftPackageReference "ORSSerialPort" */;
			productName = ORSSerial;
		};
/* End XCSwiftPackageProductDependency section */
	};
	rootObject = 5070015E27D8269F008ACB9C /* Project object */;
}
